{
  "name": "resume1",
  "lockfileVersion": 3,
  "requires": true,
  "packages": {
    "": {
      "dependencies": {
        "@openrouter/sdk": "^0.12.7"
      }
    },
    "node_modules/@openrouter/sdk": {
      "version": "0.12.7",
      "resolved": "https://registry.npmjs.org/@openrouter/sdk/-/sdk-0.12.7.tgz",
      "integrity": "sha512-1ZrdJHTj+WA2GBboYN5fWx3AvGJS16M6M9zatvgVjfNnRi6/IT7oVP6V5Or/snxMOKesenaCy9zdgvjyf0nGEg==",
      "hasInstallScript": true,
      "license": "Apache-2.0",
      "dependencies": {
        "zod": "^3.25.0 || ^4.0.0"
      }
    },
    "node_modules/zod": {
      "version": "4.3.6",
      "resolved": "https://registry.npmjs.org/zod/-/zod-4.3.6.tgz",
      "integrity": "sha512-rftlrkhHZOcjDwkGlnUtZZkvaPHCsDATp4pGpuOOMDaTdDDXF91wuVDJoWoPsKX/3YPQ5fHuF3STjcYyKr+Qhg==",
      "license": "MIT",
      "funding": {
        "url": "https://github.com/sponsors/colinhacks"
      }
    }
  }
}
